
Microsoft Visual Studio Solution File, Format Version 10.00
# Visual Studio 2008
Project("{FAE04EC0-301F-11D3-BF4B-00C04F79EFBC}") = "Ping", "Ping\Ping.csproj", "{535D3D2D-17E3-4C5A-87F7-27F9120C9CEC}"
EndProject
Project("{FAE04EC0-301F-11D3-BF4B-00C04F79EFBC}") = "Pong", "Pong\Pong.csproj", "{B14F59DC-07F6-43F3-9B6A-AA4AB1341006}"
EndProject
Global
	GlobalSection(SolutionConfigurationPlatforms) = preSolution
		Debug|Any CPU = Debug|Any CPU
		Release|Any CPU = Release|Any CPU
	EndGlobalSection
	GlobalSection(ProjectConfigurationPlatforms) = postSolution
		{535D3D2D-17E3-4C5A-87F7-27F9120C9CEC}.Debug|Any CPU.ActiveCfg = Debug|Any CPU
		{535D3D2D-17E3-4C5A-87F7-27F9120C9CEC}.Debug|Any CPU.Build.0 = Debug|Any CPU
		{535D3D2D-17E3-4C5A-87F7-27F9120C9CEC}.Release|Any CPU.ActiveCfg = Release|Any CPU
		{535D3D2D-17E3-4C5A-87F7-27F9120C9CEC}.Release|Any CPU.Build.0 = Release|Any CPU
		{B14F59DC-07F6-43F3-9B6A-AA4AB1341006}.Debug|Any CPU.ActiveCfg = Debug|Any CPU
		{B14F59DC-07F6-43F3-9B6A-AA4AB1341006}.Debug|Any CPU.Build.0 = Debug|Any CPU
		{B14F59DC-07F6-43F3-9B6A-AA4AB1341006}.Release|Any CPU.ActiveCfg = Release|Any CPU
		{B14F59DC-07F6-43F3-9B6A-AA4AB1341006}.Release|Any CPU.Build.0 = Release|Any CPU
	EndGlobalSection
	GlobalSection(SolutionProperties) = preSolution
		HideSolutionNode = FALSE
	EndGlobalSection
EndGlobal
